
Microsoft Visual Studio Solution File, Format Version 12.00
# Visual Studio Version 16
VisualStudioVersion = 16.0.33027.164
MinimumVisualStudioVersion = 10.0.40219.1
Project("{FAE04EC0-301F-11D3-BF4B-00C04F79EFBC}") = "movmouse", "movmouse\movmouse.csproj", "{408F822B-840B-4DCF-9892-B2D1533C511E}"
EndProject
Global
	GlobalSection(SolutionConfigurationPlatforms) = preSolution
		Debug|Any CPU = Debug|Any CPU
		Release|Any CPU = Release|Any CPU
	EndGlobalSection
	GlobalSection(ProjectConfigurationPlatforms) = postSolution
		{408F822B-840B-4DCF-9892-B2D1533C511E}.Debug|Any CPU.ActiveCfg = Debug|Any CPU
		{408F822B-840B-4DCF-9892-B2D1533C511E}.Debug|Any CPU.Build.0 = Debug|Any CPU
		{408F822B-840B-4DCF-9892-B2D1533C511E}.Release|Any CPU.ActiveCfg = Release|Any CPU
		{408F822B-840B-4DCF-9892-B2D1533C511E}.Release|Any CPU.Build.0 = Release|Any CPU
	EndGlobalSection
	GlobalSection(SolutionProperties) = preSolution
		HideSolutionNode = FALSE
	EndGlobalSection
	GlobalSection(ExtensibilityGlobals) = postSolution
		SolutionGuid = {69AAE0A9-5F00-4D9E-95E7-F4CCE7F9FD11}
	EndGlobalSection
EndGlobal
